
Microsoft Visual Studio Solution File, Format Version 12.00
# Visual Studio Version 17
VisualStudioVersion = 17.5.33516.290
MinimumVisualStudioVersion = 10.0.40219.1
Project("{8BC9CEB8-8B4A-11D0-8D11-00A0C91BC942}") = "Project1", "Project1\Project1.vcxproj", "{461D8BB4-79BA-4562-99A5-79DEFCC52178}"
EndProject
Project("{8BC9CEB8-8B4A-11D0-8D11-00A0C91BC942}") = "Project2", "Project2\Project2.vcxproj", "{C45CBEDB-AA99-4E1E-9C8E-FC55987879B2}"
EndProject
Project("{8BC9CEB8-8B4A-11D0-8D11-00A0C91BC942}") = "Project3", "Project3\Project3.vcxproj", "{D256140E-D212-4E73-9F44-A99ADCAE5F56}"
EndProject
Project("{8BC9CEB8-8B4A-11D0-8D11-00A0C91BC942}") = "Project4", "Project4\Project4.vcxproj", "{50D93E8F-4758-484D-AFD3-2FECD3B9DD63}"
EndProject
Project("{8BC9CEB8-8B4A-11D0-8D11-00A0C91BC942}") = "Project5", "Project5\Project5.vcxproj", "{A789AD57-3679-43F0-86D0-BCE9F4949A86}"
EndProject
Project("{8BC9CEB8-8B4A-11D0-8D11-00A0C91BC942}") = "Project6", "Project6\Project6.vcxproj", "{1906DD40-2986-4849-A175-3C38B183C809}"
EndProject
Project("{8BC9CEB8-8B4A-11D0-8D11-00A0C91BC942}") = "Project7", "Project7\Project7.vcxproj", "{67AA0455-FA7D-42EB-85AF-501365BE2C5F}"
EndProject
Project("{8BC9CEB8-8B4A-11D0-8D11-00A0C91BC942}") = "Project8", "Project8\Project8.vcxproj", "{146452E8-BCFA-4655-B820-EF94572B6955}"
EndProject
Project("{8BC9CEB8-8B4A-11D0-8D11-00A0C91BC942}") = "Project9", "Project9\Project9.vcxproj", "{5EDDC545-AC33-49E9-B1FD-0711DB709B93}"
EndProject
Project("{8BC9CEB8-8B4A-11D0-8D11-00A0C91BC942}") = "Project10", "Project10\Project10.vcxproj", "{10CD3DAD-8471-4D7F-B72E-FCB2F6580015}"
EndProject
Project("{8BC9CEB8-8B4A-11D0-8D11-00A0C91BC942}") = "Project11", "Project11\Project11.vcxproj", "{19D31FED-CF33-4740-A7F1-1D5BF0A37F49}"
EndProject
Project("{8BC9CEB8-8B4A-11D0-8D11-00A0C91BC942}") = "Project12", "Project12\Project12.vcxproj", "{EF11BBB1-AFCF-41B8-AFF3-217CDFE3B732}"
EndProject
Project("{8BC9CEB8-8B4A-11D0-8D11-00A0C91BC942}") = "Project13", "Project13\Project13.vcxproj", "{1C3F0D11-84F7-4908-8A24-637AA49B6DED}"
EndProject
Project("{8BC9CEB8-8B4A-11D0-8D11-00A0C91BC942}") = "Project14", "Project14\Project14.vcxproj", "{1B1FD30C-C94D-424C-9232-ECCD6C721312}"
EndProject
Project("{8BC9CEB8-8B4A-11D0-8D11-00A0C91BC942}") = "Project15", "Project15\Project15.vcxproj", "{FF2C9BD7-16B1-42F9-B5EA-4F07D1A3A7A1}"
EndProject
Project("{8BC9CEB8-8B4A-11D0-8D11-00A0C91BC942}") = "Panoramix's Prediction CF80-D2-A", "Panoramix's Prediction CF80-D2-A\Panoramix's Prediction CF80-D2-A.vcxproj", "{7BC4CFAA-3E79-4E60-BB79-FC39D2118984}"
EndProject
Project("{8BC9CEB8-8B4A-11D0-8D11-00A0C91BC942}") = "Project16", "Project16\Project16.vcxproj", "{28038155-4024-48E4-9AD3-40F6498EB00F}"
EndProject
Global
	GlobalSection(SolutionConfigurationPlatforms) = preSolution
		Debug|x64 = Debug|x64
		Debug|x86 = Debug|x86
		Release|x64 = Release|x64
		Release|x86 = Release|x86
	EndGlobalSection
	GlobalSection(ProjectConfigurationPlatforms) = postSolution
		{461D8BB4-79BA-4562-99A5-79DEFCC52178}.Debug|x64.ActiveCfg = Debug|x64
		{461D8BB4-79BA-4562-99A5-79DEFCC52178}.Debug|x64.Build.0 = Debug|x64
		{461D8BB4-79BA-4562-99A5-79DEFCC52178}.Debug|x86.ActiveCfg = Debug|Win32
		{461D8BB4-79BA-4562-99A5-79DEFCC52178}.Debug|x86.Build.0 = Debug|Win32
		{461D8BB4-79BA-4562-99A5-79DEFCC52178}.Release|x64.ActiveCfg = Release|x64
		{461D8BB4-79BA-4562-99A5-79DEFCC52178}.Release|x64.Build.0 = Release|x64
		{461D8BB4-79BA-4562-99A5-79DEFCC52178}.Release|x86.ActiveCfg = Release|Win32
		{461D8BB4-79BA-4562-99A5-79DEFCC52178}.Release|x86.Build.0 = Release|Win32
		{C45CBEDB-AA99-4E1E-9C8E-FC55987879B2}.Debug|x64.ActiveCfg = Debug|x64
		{C45CBEDB-AA99-4E1E-9C8E-FC55987879B2}.Debug|x64.Build.0 = Debug|x64
		{C45CBEDB-AA99-4E1E-9C8E-FC55987879B2}.Debug|x86.ActiveCfg = Debug|Win32
		{C45CBEDB-AA99-4E1E-9C8E-FC55987879B2}.Debug|x86.Build.0 = Debug|Win32
		{C45CBEDB-AA99-4E1E-9C8E-FC55987879B2}.Release|x64.ActiveCfg = Release|x64
		{C45CBEDB-AA99-4E1E-9C8E-FC55987879B2}.Release|x64.Build.0 = Release|x64
		{C45CBEDB-AA99-4E1E-9C8E-FC55987879B2}.Release|x86.ActiveCfg = Release|Win32
		{C45CBEDB-AA99-4E1E-9C8E-FC55987879B2}.Release|x86.Build.0 = Release|Win32
		{D256140E-D212-4E73-9F44-A99ADCAE5F56}.Debug|x64.ActiveCfg = Debug|x64
		{D256140E-D212-4E73-9F44-A99ADCAE5F56}.Debug|x64.Build.0 = Debug|x64
		{D256140E-D212-4E73-9F44-A99ADCAE5F56}.Debug|x86.ActiveCfg = Debug|Win32
		{D256140E-D212-4E73-9F44-A99ADCAE5F56}.Debug|x86.Build.0 = Debug|Win32
		{D256140E-D212-4E73-9F44-A99ADCAE5F56}.Release|x64.ActiveCfg = Release|x64
		{D256140E-D212-4E73-9F44-A99ADCAE5F56}.Release|x64.Build.0 = Release|x64
		{D256140E-D212-4E73-9F44-A99ADCAE5F56}.Release|x86.ActiveCfg = Release|Win32
		{D256140E-D212-4E73-9F44-A99ADCAE5F56}.Release|x86.Build.0 = Release|Win32
		{50D93E8F-4758-484D-AFD3-2FECD3B9DD63}.Debug|x64.ActiveCfg = Debug|x64
		{50D93E8F-4758-484D-AFD3-2FECD3B9DD63}.Debug|x64.Build.0 = Debug|x64
		{50D93E8F-4758-484D-AFD3-2FECD3B9DD63}.Debug|x86.ActiveCfg = Debug|Win32
		{50D93E8F-4758-484D-AFD3-2FECD3B9DD63}.Debug|x86.Build.0 = Debug|Win32
		{50D93E8F-4758-484D-AFD3-2FECD3B9DD63}.Release|x64.ActiveCfg = Release|x64
		{50D93E8F-4758-484D-AFD3-2FECD3B9DD63}.Release|x64.Build.0 = Release|x64
		{50D93E8F-4758-484D-AFD3-2FECD3B9DD63}.Release|x86.ActiveCfg = Release|Win32
		{50D93E8F-4758-484D-AFD3-2FECD3B9DD63}.Release|x86.Build.0 = Release|Win32
		{A789AD57-3679-43F0-86D0-BCE9F4949A86}.Debug|x64.ActiveCfg = Debug|x64
		{A789AD57-3679-43F0-86D0-BCE9F4949A86}.Debug|x64.Build.0 = Debug|x64
		{A789AD57-3679-43F0-86D0-BCE9F4949A86}.Debug|x86.ActiveCfg = Debug|Win32
		{A789AD57-3679-43F0-86D0-BCE9F4949A86}.Debug|x86.Build.0 = Debug|Win32
		{A789AD57-3679-43F0-86D0-BCE9F4949A86}.Release|x64.ActiveCfg = Release|x64
		{A789AD57-3679-43F0-86D0-BCE9F4949A86}.Release|x64.Build.0 = Release|x64
		{A789AD57-3679-43F0-86D0-BCE9F4949A86}.Release|x86.ActiveCfg = Release|Win32
		{A789AD57-3679-43F0-86D0-BCE9F4949A86}.Release|x86.Build.0 = Release|Win32
		{1906DD40-2986-4849-A175-3C38B183C809}.Debug|x64.ActiveCfg = Debug|x64
		{1906DD40-2986-4849-A175-3C38B183C809}.Debug|x64.Build.0 = Debug|x64
		{1906DD40-2986-4849-A175-3C38B183C809}.Debug|x86.ActiveCfg = Debug|Win32
		{1906DD40-2986-4849-A175-3C38B183C809}.Debug|x86.Build.0 = Debug|Win32
		{1906DD40-2986-4849-A175-3C38B183C809}.Release|x64.ActiveCfg = Release|x64
		{1906DD40-2986-4849-A175-3C38B183C809}.Release|x64.Build.0 = Release|x64
		{1906DD40-2986-4849-A175-3C38B183C809}.Release|x86.ActiveCfg = Release|Win32
		{1906DD40-2986-4849-A175-3C38B183C809}.Release|x86.Build.0 = Release|Win32
		{67AA0455-FA7D-42EB-85AF-501365BE2C5F}.Debug|x64.ActiveCfg = Debug|x64
		{67AA0455-FA7D-42EB-85AF-501365BE2C5F}.Debug|x64.Build.0 = Debug|x64
		{67AA0455-FA7D-42EB-85AF-501365BE2C5F}.Debug|x86.ActiveCfg = Debug|Win32
		{67AA0455-FA7D-42EB-85AF-501365BE2C5F}.Debug|x86.Build.0 = Debug|Win32
		{67AA0455-FA7D-42EB-85AF-501365BE2C5F}.Release|x64.ActiveCfg = Release|x64
		{67AA0455-FA7D-42EB-85AF-501365BE2C5F}.Release|x64.Build.0 = Release|x64
		{67AA0455-FA7D-42EB-85AF-501365BE2C5F}.Release|x86.ActiveCfg = Release|Win32
		{67AA0455-FA7D-42EB-85AF-501365BE2C5F}.Release|x86.Build.0 = Release|Win32
		{146452E8-BCFA-4655-B820-EF94572B6955}.Debug|x64.ActiveCfg = Debug|x64
		{146452E8-BCFA-4655-B820-EF94572B6955}.Debug|x64.Build.0 = Debug|x64
		{146452E8-BCFA-4655-B820-EF94572B6955}.Debug|x86.ActiveCfg = Debug|Win32
		{146452E8-BCFA-4655-B820-EF94572B6955}.Debug|x86.Build.0 = Debug|Win32
		{146452E8-BCFA-4655-B820-EF94572B6955}.Release|x64.ActiveCfg = Release|x64
		{146452E8-BCFA-4655-B820-EF94572B6955}.Release|x64.Build.0 = Release|x64
		{146452E8-BCFA-4655-B820-EF94572B6955}.Release|x86.ActiveCfg = Release|Win32
		{146452E8-BCFA-4655-B820-EF94572B6955}.Release|x86.Build.0 = Release|Win32
		{5EDDC545-AC33-49E9-B1FD-0711DB709B93}.Debug|x64.ActiveCfg = Debug|x64
		{5EDDC545-AC33-49E9-B1FD-0711DB709B93}.Debug|x64.Build.0 = Debug|x64
		{5EDDC545-AC33-49E9-B1FD-0711DB709B93}.Debug|x86.ActiveCfg = Debug|Win32
		{5EDDC545-AC33-49E9-B1FD-0711DB709B93}.Debug|x86.Build.0 = Debug|Win32
		{5EDDC545-AC33-49E9-B1FD-0711DB709B93}.Release|x64.ActiveCfg = Release|x64
		{5EDDC545-AC33-49E9-B1FD-0711DB709B93}.Release|x64.Build.0 = Release|x64
		{5EDDC545-AC33-49E9-B1FD-0711DB709B93}.Release|x86.ActiveCfg = Release|Win32
		{5EDDC545-AC33-49E9-B1FD-0711DB709B93}.Release|x86.Build.0 = Release|Win32
		{10CD3DAD-8471-4D7F-B72E-FCB2F6580015}.Debug|x64.ActiveCfg = Debug|x64
		{10CD3DAD-8471-4D7F-B72E-FCB2F6580015}.Debug|x64.Build.0 = Debug|x64
		{10CD3DAD-8471-4D7F-B72E-FCB2F6580015}.Debug|x86.ActiveCfg = Debug|Win32
		{10CD3DAD-8471-4D7F-B72E-FCB2F6580015}.Debug|x86.Build.0 = Debug|Win32
		{10CD3DAD-8471-4D7F-B72E-FCB2F6580015}.Release|x64.ActiveCfg = Release|x64
		{10CD3DAD-8471-4D7F-B72E-FCB2F6580015}.Release|x64.Build.0 = Release|x64
		{10CD3DAD-8471-4D7F-B72E-FCB2F6580015}.Release|x86.ActiveCfg = Release|Win32
		{10CD3DAD-8471-4D7F-B72E-FCB2F6580015}.Release|x86.Build.0 = Release|Win32
		{19D31FED-CF33-4740-A7F1-1D5BF0A37F49}.Debug|x64.ActiveCfg = Debug|x64
		{19D31FED-CF33-4740-A7F1-1D5BF0A37F49}.Debug|x64.Build.0 = Debug|x64
		{19D31FED-CF33-4740-A7F1-1D5BF0A37F49}.Debug|x86.ActiveCfg = Debug|Win32
		{19D31FED-CF33-4740-A7F1-1D5BF0A37F49}.Debug|x86.Build.0 = Debug|Win32
		{19D31FED-CF33-4740-A7F1-1D5BF0A37F49}.Release|x64.ActiveCfg = Release|x64
		{19D31FED-CF33-4740-A7F1-1D5BF0A37F49}.Release|x64.Build.0 = Release|x64
		{19D31FED-CF33-4740-A7F1-1D5BF0A37F49}.Release|x86.ActiveCfg = Release|Win32
		{19D31FED-CF33-4740-A7F1-1D5BF0A37F49}.Release|x86.Build.0 = Release|Win32
		{EF11BBB1-AFCF-41B8-AFF3-217CDFE3B732}.Debug|x64.ActiveCfg = Debug|x64
		{EF11BBB1-AFCF-41B8-AFF3-217CDFE3B732}.Debug|x64.Build.0 = Debug|x64
		{EF11BBB1-AFCF-41B8-AFF3-217CDFE3B732}.Debug|x86.ActiveCfg = Debug|Win32
		{EF11BBB1-AFCF-41B8-AFF3-217CDFE3B732}.Debug|x86.Build.0 = Debug|Win32
		{EF11BBB1-AFCF-41B8-AFF3-217CDFE3B732}.Release|x64.ActiveCfg = Release|x64
		{EF11BBB1-AFCF-41B8-AFF3-217CDFE3B732}.Release|x64.Build.0 = Release|x64
		{EF11BBB1-AFCF-41B8-AFF3-217CDFE3B732}.Release|x86.ActiveCfg = Release|Win32
		{EF11BBB1-AFCF-41B8-AFF3-217CDFE3B732}.Release|x86.Build.0 = Release|Win32
		{1C3F0D11-84F7-4908-8A24-637AA49B6DED}.Debug|x64.ActiveCfg = Debug|x64
		{1C3F0D11-84F7-4908-8A24-637AA49B6DED}.Debug|x64.Build.0 = Debug|x64
		{1C3F0D11-84F7-4908-8A24-637AA49B6DED}.Debug|x86.ActiveCfg = Debug|Win32
		{1C3F0D11-84F7-4908-8A24-637AA49B6DED}.Debug|x86.Build.0 = Debug|Win32
		{1C3F0D11-84F7-4908-8A24-637AA49B6DED}.Release|x64.ActiveCfg = Release|x64
		{1C3F0D11-84F7-4908-8A24-637AA49B6DED}.Release|x64.Build.0 = Release|x64
		{1C3F0D11-84F7-4908-8A24-637AA49B6DED}.Release|x86.ActiveCfg = Release|Win32
		{1C3F0D11-84F7-4908-8A24-637AA49B6DED}.Release|x86.Build.0 = Release|Win32
		{1B1FD30C-C94D-424C-9232-ECCD6C721312}.Debug|x64.ActiveCfg = Debug|x64
		{1B1FD30C-C94D-424C-9232-ECCD6C721312}.Debug|x64.Build.0 = Debug|x64
		{1B1FD30C-C94D-424C-9232-ECCD6C721312}.Debug|x86.ActiveCfg = Debug|Win32
		{1B1FD30C-C94D-424C-9232-ECCD6C721312}.Debug|x86.Build.0 = Debug|Win32
		{1B1FD30C-C94D-424C-9232-ECCD6C721312}.Release|x64.ActiveCfg = Release|x64
		{1B1FD30C-C94D-424C-9232-ECCD6C721312}.Release|x64.Build.0 = Release|x64
		{1B1FD30C-C94D-424C-9232-ECCD6C721312}.Release|x86.ActiveCfg = Release|Win32
		{1B1FD30C-C94D-424C-9232-ECCD6C721312}.Release|x86.Build.0 = Release|Win32
		{FF2C9BD7-16B1-42F9-B5EA-4F07D1A3A7A1}.Debug|x64.ActiveCfg = Debug|x64
		{FF2C9BD7-16B1-42F9-B5EA-4F07D1A3A7A1}.Debug|x64.Build.0 = Debug|x64
		{FF2C9BD7-16B1-42F9-B5EA-4F07D1A3A7A1}.Debug|x86.ActiveCfg = Debug|Win32
		{FF2C9BD7-16B1-42F9-B5EA-4F07D1A3A7A1}.Debug|x86.Build.0 = Debug|Win32
		{FF2C9BD7-16B1-42F9-B5EA-4F07D1A3A7A1}.Release|x64.ActiveCfg = Release|x64
		{FF2C9BD7-16B1-42F9-B5EA-4F07D1A3A7A1}.Release|x64.Build.0 = Release|x64
		{FF2C9BD7-16B1-42F9-B5EA-4F07D1A3A7A1}.Release|x86.ActiveCfg = Release|Win32
		{FF2C9BD7-16B1-42F9-B5EA-4F07D1A3A7A1}.Release|x86.Build.0 = Release|Win32
		{7BC4CFAA-3E79-4E60-BB79-FC39D2118984}.Debug|x64.ActiveCfg = Debug|x64
		{7BC4CFAA-3E79-4E60-BB79-FC39D2118984}.Debug|x64.Build.0 = Debug|x64
		{7BC4CFAA-3E79-4E60-BB79-FC39D2118984}.Debug|x86.ActiveCfg = Debug|Win32
		{7BC4CFAA-3E79-4E60-BB79-FC39D2118984}.Debug|x86.Build.0 = Debug|Win32
		{7BC4CFAA-3E79-4E60-BB79-FC39D2118984}.Release|x64.ActiveCfg = Release|x64
		{7BC4CFAA-3E79-4E60-BB79-FC39D2118984}.Release|x64.Build.0 = Release|x64
		{7BC4CFAA-3E79-4E60-BB79-FC39D2118984}.Release|x86.ActiveCfg = Release|Win32
		{7BC4CFAA-3E79-4E60-BB79-FC39D2118984}.Release|x86.Build.0 = Release|Win32
		{28038155-4024-48E4-9AD3-40F6498EB00F}.Debug|x64.ActiveCfg = Debug|x64
		{28038155-4024-48E4-9AD3-40F6498EB00F}.Debug|x64.Build.0 = Debug|x64
		{28038155-4024-48E4-9AD3-40F6498EB00F}.Debug|x86.ActiveCfg = Debug|Win32
		{28038155-4024-48E4-9AD3-40F6498EB00F}.Debug|x86.Build.0 = Debug|Win32
		{28038155-4024-48E4-9AD3-40F6498EB00F}.Release|x64.ActiveCfg = Release|x64
		{28038155-4024-48E4-9AD3-40F6498EB00F}.Release|x64.Build.0 = Release|x64
		{28038155-4024-48E4-9AD3-40F6498EB00F}.Release|x86.ActiveCfg = Release|Win32
		{28038155-4024-48E4-9AD3-40F6498EB00F}.Release|x86.Build.0 = Release|Win32
	EndGlobalSection
	GlobalSection(SolutionProperties) = preSolution
		HideSolutionNode = FALSE
	EndGlobalSection
	GlobalSection(ExtensibilityGlobals) = postSolution
		SolutionGuid = {15B9E0D4-A789-4339-AA93-D16C29D7A569}
	EndGlobalSection
EndGlobal
